// !$*UTF8*$!
{
	archiveVersion = 1;
	classes = {
	};
	objectVersion = 77;
	objects = {

/* Begin PBXBuildFile section */
		07E18E775DCF435483A45A63 /* MediaThumbnailView.swift in Sources */ = {isa = PBXBuildFile; fileRef = 07E18E765DCF435483A45A63 /* MediaThumbnailView.swift */; };
		1FC9FB9FABAB47D485DF91A6 /* AppTheme.swift in Sources */ = {isa = PBXBuildFile; fileRef = 1FC9FB9EABAB47D485DF91A6 /* AppTheme.swift */; };
		387B0188C1E54F4AA9D8F91B /* AppLogo.swift in Sources */ = {isa = PBXBuildFile; fileRef = 387B0187C1E54F4AA9D8F91B /* AppLogo.swift */; };
		56428CD8B0904DB29696D739 /* ContentView.swift in Sources */ = {isa = PBXBuildFile; fileRef = 56428CD7B0904DB29696D739 /* ContentView.swift */; };
		5DCB0BE1B7E84D7DB9537B5F /* TappableThumbnailView.swift in Sources */ = {isa = PBXBuildFile; fileRef = 5DCB0BE0B7E84D7DB9537B5F /* TappableThumbnailView.swift */; };
		603D9C47E9C24E8197102537 /* YearSection.swift in Sources */ = {isa = PBXBuildFile; fileRef = 603D9C46E9C24E8197102537 /* YearSection.swift */; };
		6982A4CC68A04C57956E60D0 /* MoveToFolderSheet.swift in Sources */ = {isa = PBXBuildFile; fileRef = 6982A4CB68A04C57956E60D0 /* MoveToFolderSheet.swift */; };
		6DA8698A600D463DB3D4165C /* Folder.swift in Sources */ = {isa = PBXBuildFile; fileRef = 6DA86989600D463DB3D4165C /* Folder.swift */; };
		8FCC3ED5EA3C4D97A5A41F8E /* MediaLibrary.swift in Sources */ = {isa = PBXBuildFile; fileRef = 8FCC3ED4EA3C4D97A5A41F8E /* MediaLibrary.swift */; };
		954E47E4FB584628A69733E1 /* MediaDetailView.swift in Sources */ = {isa = PBXBuildFile; fileRef = 954E47E3FB584628A69733E1 /* MediaDetailView.swift */; };
		B7488DDDD75147A2AB93807E /* FolderCard.swift in Sources */ = {isa = PBXBuildFile; fileRef = B7488DDCD75147A2AB93807E /* FolderCard.swift */; };
		C2B64B11008141B28A6B2434 /* MediaItem.swift in Sources */ = {isa = PBXBuildFile; fileRef = C2B64B10008141B28A6B2434 /* MediaItem.swift */; };
		D2EE7C912EC6F7290076E7FB /* SketeVaultApp.swift in Sources */ = {isa = PBXBuildFile; fileRef = D2EE7C902EC6F7290076E7FB /* SketeVaultApp.swift */; };
		DF4931E910B14653BE253448 /* SelectableThumbnailView.swift in Sources */ = {isa = PBXBuildFile; fileRef = DF4931E810B14653BE253448 /* SelectableThumbnailView.swift */; };
		FFEACFCB169F40DC9478ECE3 /* MediaType.swift in Sources */ = {isa = PBXBuildFile; fileRef = FFEACFCA169F40DC9478ECE3 /* MediaType.swift */; };
/* End PBXBuildFile section */

/* Begin PBXFileReference section */
		07E18E765DCF435483A45A63 /* MediaThumbnailView.swift */ = {isa = PBXFileReference; lastKnownFileType = sourcecode.swift; path = MediaThumbnailView.swift; sourceTree = "<group>"; };
		1FC9FB9EABAB47D485DF91A6 /* AppTheme.swift */ = {isa = PBXFileReference; lastKnownFileType = sourcecode.swift; path = AppTheme.swift; sourceTree = "<group>"; };
		387B0187C1E54F4AA9D8F91B /* AppLogo.swift */ = {isa = PBXFileReference; lastKnownFileType = sourcecode.swift; path = AppLogo.swift; sourceTree = "<group>"; };
		56428CD7B0904DB29696D739 /* ContentView.swift */ = {isa = PBXFileReference; lastKnownFileType = sourcecode.swift; path = ContentView.swift; sourceTree = "<group>"; };
		5DCB0BE0B7E84D7DB9537B5F /* TappableThumbnailView.swift */ = {isa = PBXFileReference; lastKnownFileType = sourcecode.swift; path = TappableThumbnailView.swift; sourceTree = "<group>"; };
		603D9C46E9C24E8197102537 /* YearSection.swift */ = {isa = PBXFileReference; lastKnownFileType = sourcecode.swift; path = YearSection.swift; sourceTree = "<group>"; };
		6982A4CB68A04C57956E60D0 /* MoveToFolderSheet.swift */ = {isa = PBXFileReference; lastKnownFileType = sourcecode.swift; path = MoveToFolderSheet.swift; sourceTree = "<group>"; };
		6DA86989600D463DB3D4165C /* Folder.swift */ = {isa = PBXFileReference; lastKnownFileType = sourcecode.swift; path = Folder.swift; sourceTree = "<group>"; };
		8FCC3ED4EA3C4D97A5A41F8E /* MediaLibrary.swift */ = {isa = PBXFileReference; lastKnownFileType = sourcecode.swift; path = MediaLibrary.swift; sourceTree = "<group>"; };
		954E47E3FB584628A69733E1 /* MediaDetailView.swift */ = {isa = PBXFileReference; lastKnownFileType = sourcecode.swift; path = MediaDetailView.swift; sourceTree = "<group>"; };
		B7488DDCD75147A2AB93807E /* FolderCard.swift */ = {isa = PBXFileReference; lastKnownFileType = sourcecode.swift; path = FolderCard.swift; sourceTree = "<group>"; };
		C2B64B10008141B28A6B2434 /* MediaItem.swift */ = {isa = PBXFileReference; lastKnownFileType = sourcecode.swift; path = MediaItem.swift; sourceTree = "<group>"; };
		D2EE7C732EC6F0DA0076E7FB /* sketevault.app */ = {isa = PBXFileReference; explicitFileType = wrapper.application; includeInIndex = 0; path = sketevault.app; sourceTree = BUILT_PRODUCTS_DIR; };
		D2EE7C902EC6F7290076E7FB /* SketeVaultApp.swift */ = {isa = PBXFileReference; lastKnownFileType = sourcecode.swift; path = SketeVaultApp.swift; sourceTree = "<group>"; };
		D2EE7C972EC6F7F80076E7FC /* Assets.xcassets */ = {isa = PBXFileReference; lastKnownFileType = folder.assetcatalog; path = Assets.xcassets; sourceTree = "<group>"; };
		DF4931E810B14653BE253448 /* SelectableThumbnailView.swift */ = {isa = PBXFileReference; lastKnownFileType = sourcecode.swift; path = SelectableThumbnailView.swift; sourceTree = "<group>"; };
		FFEACFCA169F40DC9478ECE3 /* MediaType.swift */ = {isa = PBXFileReference; lastKnownFileType = sourcecode.swift; path = MediaType.swift; sourceTree = "<group>"; };
/* End PBXFileReference section */

/* Begin PBXFileSystemSynchronizedRootGroup section */
		D2EE7C962EC6F7F80076E7FB /* assets */ = {
			isa = PBXFileSystemSynchronizedRootGroup;
			path = assets;
			sourceTree = "<group>";
		};
/* End PBXFileSystemSynchronizedRootGroup section */

/* Begin PBXFrameworksBuildPhase section */
		D2EE7C702EC6F0DA0076E7FB /* Frameworks */ = {
			isa = PBXFrameworksBuildPhase;
			buildActionMask = 2147483647;
			files = (
			);
			runOnlyForDeploymentPostprocessing = 0;
		};
/* End PBXFrameworksBuildPhase section */

/* Begin PBXGroup section */
		1FC9FB9DABAB47D485DF91A6 /* Theme */ = {
			isa = PBXGroup;
			children = (
				1FC9FB9EABAB47D485DF91A6 /* AppTheme.swift */,
			);
			path = Theme;
			sourceTree = "<group>";
		};
		83B42A66F2294DD59CF17761 /* Sheets */ = {
			isa = PBXGroup;
			children = (
				6982A4CB68A04C57956E60D0 /* MoveToFolderSheet.swift */,
			);
			path = Sheets;
			sourceTree = "<group>";
		};
		8FCC3ED3EA3C4D97A5A41F8E /* Services */ = {
			isa = PBXGroup;
			children = (
				8FCC3ED4EA3C4D97A5A41F8E /* MediaLibrary.swift */,
			);
			path = Services;
			sourceTree = "<group>";
		};
		C2B64B0F008141B28A6B2434 /* Models */ = {
			isa = PBXGroup;
			children = (
				FFEACFCA169F40DC9478ECE3 /* MediaType.swift */,
				6DA86989600D463DB3D4165C /* Folder.swift */,
				C2B64B10008141B28A6B2434 /* MediaItem.swift */,
			);
			path = Models;
			sourceTree = "<group>";
		};
		CCD6718667B14CE5BE10D6E7 /* Views */ = {
			isa = PBXGroup;
			children = (
				56428CD7B0904DB29696D739 /* ContentView.swift */,
				CCD6718767B14CE5BE10D6E7 /* Components */,
				83B42A66F2294DD59CF17761 /* Sheets */,
			);
			path = Views;
			sourceTree = "<group>";
		};
		CCD6718767B14CE5BE10D6E7 /* Components */ = {
			isa = PBXGroup;
			children = (
				387B0187C1E54F4AA9D8F91B /* AppLogo.swift */,
				B7488DDCD75147A2AB93807E /* FolderCard.swift */,
				603D9C46E9C24E8197102537 /* YearSection.swift */,
				07E18E765DCF435483A45A63 /* MediaThumbnailView.swift */,
				954E47E3FB584628A69733E1 /* MediaDetailView.swift */,
				DF4931E810B14653BE253448 /* SelectableThumbnailView.swift */,
				5DCB0BE0B7E84D7DB9537B5F /* TappableThumbnailView.swift */,
			);
			path = Components;
			sourceTree = "<group>";
		};
		D2EE7C6A2EC6F0DA0076E7FB = {
			isa = PBXGroup;
			children = (
				D2EE7C902EC6F7290076E7FB /* SketeVaultApp.swift */,
				C2B64B0F008141B28A6B2434 /* Models */,
				8FCC3ED3EA3C4D97A5A41F8E /* Services */,
				1FC9FB9DABAB47D485DF91A6 /* Theme */,
				CCD6718667B14CE5BE10D6E7 /* Views */,
				D2EE7C962EC6F7F80076E7FB /* assets */,
				D2EE7C972EC6F7F80076E7FC /* Assets.xcassets */,
				D2EE7C742EC6F0DA0076E7FB /* Products */,
			);
			sourceTree = "<group>";
		};
		D2EE7C742EC6F0DA0076E7FB /* Products */ = {
			isa = PBXGroup;
			children = (
				D2EE7C732EC6F0DA0076E7FB /* sketevault.app */,
			);
			name = Products;
			sourceTree = "<group>";
		};
/* End PBXGroup section */

/* Begin PBXNativeTarget section */
		D2EE7C722EC6F0DA0076E7FB /* sketevault */ = {
			isa = PBXNativeTarget;
			buildConfigurationList = D2EE7C7E2EC6F0DA0076E7FB /* Build configuration list for PBXNativeTarget "sketevault" */;
			buildPhases = (
				D2EE7C6F2EC6F0DA0076E7FB /* Sources */,
				D2EE7C702EC6F0DA0076E7FB /* Frameworks */,
				D2EE7C712EC6F0DA0076E7FB /* Resources */,
			);
			buildRules = (
			);
			dependencies = (
			);
			fileSystemSynchronizedGroups = (
				D2EE7C962EC6F7F80076E7FB /* assets */,
			);
			name = sketevault;
			packageProductDependencies = (
			);
			productName = sketevault;
			productReference = D2EE7C732EC6F0DA0076E7FB /* sketevault.app */;
			productType = "com.apple.product-type.application";
		};
/* End PBXNativeTarget section */

/* Begin PBXProject section */
		D2EE7C6B2EC6F0DA0076E7FB /* Project object */ = {
			isa = PBXProject;
			attributes = {
				BuildIndependentTargetsInParallel = 1;
				LastSwiftUpdateCheck = 2600;
				LastUpgradeCheck = 2600;
				TargetAttributes = {
					D2EE7C722EC6F0DA0076E7FB = {
						CreatedOnToolsVersion = 26.0.1;
						LastSwiftMigration = 2600;
					};
				};
			};
			buildConfigurationList = D2EE7C6E2EC6F0DA0076E7FB /* Build configuration list for PBXProject "sketevault" */;
			developmentRegion = en;
			hasScannedForEncodings = 0;
			knownRegions = (
				en,
				Base,
			);
			mainGroup = D2EE7C6A2EC6F0DA0076E7FB;
			minimizedProjectReferenceProxies = 1;
			preferredProjectObjectVersion = 77;
			productRefGroup = D2EE7C742EC6F0DA0076E7FB /* Products */;
			projectDirPath = "";
			projectRoot = "";
			targets = (
				D2EE7C722EC6F0DA0076E7FB /* sketevault */,
			);
		};
/* End PBXProject section */

/* Begin PBXResourcesBuildPhase section */
		D2EE7C712EC6F0DA0076E7FB /* Resources */ = {
			isa = PBXResourcesBuildPhase;
			buildActionMask = 2147483647;
			files = (
			);
			runOnlyForDeploymentPostprocessing = 0;
		};
/* End PBXResourcesBuildPhase section */

/* Begin PBXSourcesBuildPhase section */
		D2EE7C6F2EC6F0DA0076E7FB /* Sources */ = {
			isa = PBXSourcesBuildPhase;
			buildActionMask = 2147483647;
			files = (
				D2EE7C912EC6F7290076E7FB /* SketeVaultApp.swift in Sources */,
				FFEACFCB169F40DC9478ECE3 /* MediaType.swift in Sources */,
				6DA8698A600D463DB3D4165C /* Folder.swift in Sources */,
				C2B64B11008141B28A6B2434 /* MediaItem.swift in Sources */,
				8FCC3ED5EA3C4D97A5A41F8E /* MediaLibrary.swift in Sources */,
				1FC9FB9FABAB47D485DF91A6 /* AppTheme.swift in Sources */,
				56428CD8B0904DB29696D739 /* ContentView.swift in Sources */,
				387B0188C1E54F4AA9D8F91B /* AppLogo.swift in Sources */,
				B7488DDDD75147A2AB93807E /* FolderCard.swift in Sources */,
				603D9C47E9C24E8197102537 /* YearSection.swift in Sources */,
				07E18E775DCF435483A45A63 /* MediaThumbnailView.swift in Sources */,
				954E47E4FB584628A69733E1 /* MediaDetailView.swift in Sources */,
				DF4931E910B14653BE253448 /* SelectableThumbnailView.swift in Sources */,
				6982A4CC68A04C57956E60D0 /* MoveToFolderSheet.swift in Sources */,
				5DCB0BE1B7E84D7DB9537B5F /* TappableThumbnailView.swift in Sources */,
			);
			runOnlyForDeploymentPostprocessing = 0;
		};
/* End PBXSourcesBuildPhase section */

/* Begin XCBuildConfiguration section */
		D2EE7C7C2EC6F0DA0076E7FB /* Debug */ = {
			isa = XCBuildConfiguration;
			buildSettings = {
				ALWAYS_SEARCH_USER_PATHS = NO;
				ASSETCATALOG_COMPILER_GENERATE_SWIFT_ASSET_SYMBOL_EXTENSIONS = YES;
				CLANG_ANALYZER_NONNULL = YES;
				CLANG_ANALYZER_NUMBER_OBJECT_CONVERSION = YES_AGGRESSIVE;
				CLANG_CXX_LANGUAGE_STANDARD = "gnu++20";
				CLANG_ENABLE_MODULES = YES;
				CLANG_ENABLE_OBJC_ARC = YES;
				CLANG_ENABLE_OBJC_WEAK = YES;
				CLANG_WARN_BLOCK_CAPTURE_AUTORELEASING = YES;
				CLANG_WARN_BOOL_CONVERSION = YES;
				CLANG_WARN_COMMA = YES;
				CLANG_WARN_CONSTANT_CONVERSION = YES;
				CLANG_WARN_DEPRECATED_OBJC_IMPLEMENTATIONS = YES;
				CLANG_WARN_DIRECT_OBJC_ISA_USAGE = YES_ERROR;
				CLANG_WARN_DOCUMENTATION_COMMENTS = YES;
				CLANG_WARN_EMPTY_BODY = YES;
				CLANG_WARN_ENUM_CONVERSION = YES;
				CLANG_WARN_INFINITE_RECURSION = YES;
				CLANG_WARN_INT_CONVERSION = YES;
				CLANG_WARN_NON_LITERAL_NULL_CONVERSION = YES;
				CLANG_WARN_OBJC_IMPLICIT_RETAIN_SELF = YES;
				CLANG_WARN_OBJC_LITERAL_CONVERSION = YES;
				CLANG_WARN_OBJC_ROOT_CLASS = YES_ERROR;
				CLANG_WARN_QUOTED_INCLUDE_IN_FRAMEWORK_HEADER = YES;
				CLANG_WARN_RANGE_LOOP_ANALYSIS = YES;
				CLANG_WARN_STRICT_PROTOTYPES = YES;
				CLANG_WARN_SUSPICIOUS_MOVE = YES;
				CLANG_WARN_UNGUARDED_AVAILABILITY = YES_AGGRESSIVE;
				CLANG_WARN_UNREACHABLE_CODE = YES;
				CLANG_WARN__DUPLICATE_METHOD_MATCH = YES;
				COPY_PHASE_STRIP = NO;
				DEBUG_INFORMATION_FORMAT = dwarf;
				ENABLE_STRICT_OBJC_MSGSEND = YES;
				ENABLE_TESTABILITY = YES;
				ENABLE_USER_SCRIPT_SANDBOXING = YES;
				GCC_C_LANGUAGE_STANDARD = gnu17;
				GCC_DYNAMIC_NO_PIC = NO;
				GCC_NO_COMMON_BLOCKS = YES;
				GCC_OPTIMIZATION_LEVEL = 0;
				GCC_PREPROCESSOR_DEFINITIONS = (
					"DEBUG=1",
					"$(inherited)",
				);
				GCC_WARN_64_TO_32_BIT_CONVERSION = YES;
				GCC_WARN_ABOUT_RETURN_TYPE = YES_ERROR;
				GCC_WARN_UNDECLARED_SELECTOR = YES;
				GCC_WARN_UNINITIALIZED_AUTOS = YES_AGGRESSIVE;
				GCC_WARN_UNUSED_FUNCTION = YES;
				GCC_WARN_UNUSED_VARIABLE = YES;
				IPHONEOS_DEPLOYMENT_TARGET = 26.0;
				LOCALIZATION_PREFERS_STRING_CATALOGS = YES;
				MTL_ENABLE_DEBUG_INFO = INCLUDE_SOURCE;
				MTL_FAST_MATH = YES;
				ONLY_ACTIVE_ARCH = YES;
				SDKROOT = iphoneos;
				SWIFT_ACTIVE_COMPILATION_CONDITIONS = "DEBUG $(inherited)";
				SWIFT_OPTIMIZATION_LEVEL = "-Onone";
			};
			name = Debug;
		};
		D2EE7C7D2EC6F0DA0076E7FB /* Release */ = {
			isa = XCBuildConfiguration;
			buildSettings = {
				ALWAYS_SEARCH_USER_PATHS = NO;
				ASSETCATALOG_COMPILER_GENERATE_SWIFT_ASSET_SYMBOL_EXTENSIONS = YES;
				CLANG_ANALYZER_NONNULL = YES;
				CLANG_ANALYZER_NUMBER_OBJECT_CONVERSION = YES_AGGRESSIVE;
				CLANG_CXX_LANGUAGE_STANDARD = "gnu++20";
				CLANG_ENABLE_MODULES = YES;
				CLANG_ENABLE_OBJC_ARC = YES;
				CLANG_ENABLE_OBJC_WEAK = YES;
				CLANG_WARN_BLOCK_CAPTURE_AUTORELEASING = YES;
				CLANG_WARN_BOOL_CONVERSION = YES;
				CLANG_WARN_COMMA = YES;
				CLANG_WARN_CONSTANT_CONVERSION = YES;
				CLANG_WARN_DEPRECATED_OBJC_IMPLEMENTATIONS = YES;
				CLANG_WARN_DIRECT_OBJC_ISA_USAGE = YES_ERROR;
				CLANG_WARN_DOCUMENTATION_COMMENTS = YES;
				CLANG_WARN_EMPTY_BODY = YES;
				CLANG_WARN_ENUM_CONVERSION = YES;
				CLANG_WARN_INFINITE_RECURSION = YES;
				CLANG_WARN_INT_CONVERSION = YES;
				CLANG_WARN_NON_LITERAL_NULL_CONVERSION = YES;
				CLANG_WARN_OBJC_IMPLICIT_RETAIN_SELF = YES;
				CLANG_WARN_OBJC_LITERAL_CONVERSION = YES;
				CLANG_WARN_OBJC_ROOT_CLASS = YES_ERROR;
				CLANG_WARN_QUOTED_INCLUDE_IN_FRAMEWORK_HEADER = YES;
				CLANG_WARN_RANGE_LOOP_ANALYSIS = YES;
				CLANG_WARN_STRICT_PROTOTYPES = YES;
				CLANG_WARN_SUSPICIOUS_MOVE = YES;
				CLANG_WARN_UNGUARDED_AVAILABILITY = YES_AGGRESSIVE;
				CLANG_WARN_UNREACHABLE_CODE = YES;
				CLANG_WARN__DUPLICATE_METHOD_MATCH = YES;
				COPY_PHASE_STRIP = NO;
				DEBUG_INFORMATION_FORMAT = "dwarf-with-dsym";
				ENABLE_NS_ASSERTIONS = NO;
				ENABLE_STRICT_OBJC_MSGSEND = YES;
				ENABLE_USER_SCRIPT_SANDBOXING = YES;
				GCC_C_LANGUAGE_STANDARD = gnu17;
				GCC_NO_COMMON_BLOCKS = YES;
				GCC_WARN_64_TO_32_BIT_CONVERSION = YES;
				GCC_WARN_ABOUT_RETURN_TYPE = YES_ERROR;
				GCC_WARN_UNDECLARED_SELECTOR = YES;
				GCC_WARN_UNINITIALIZED_AUTOS = YES_AGGRESSIVE;
				GCC_WARN_UNUSED_FUNCTION = YES;
				GCC_WARN_UNUSED_VARIABLE = YES;
				IPHONEOS_DEPLOYMENT_TARGET = 26.0;
				LOCALIZATION_PREFERS_STRING_CATALOGS = YES;
				MTL_ENABLE_DEBUG_INFO = NO;
				MTL_FAST_MATH = YES;
				SDKROOT = iphoneos;
				SWIFT_COMPILATION_MODE = wholemodule;
				VALIDATE_PRODUCT = YES;
			};
			name = Release;
		};
		D2EE7C7F2EC6F0DA0076E7FB /* Debug */ = {
			isa = XCBuildConfiguration;
			buildSettings = {
				ASSETCATALOG_COMPILER_APPICON_NAME = AppIcon;
				ASSETCATALOG_COMPILER_GLOBAL_ACCENT_COLOR_NAME = AccentColor;
				CLANG_ENABLE_MODULES = YES;
				CODE_SIGN_STYLE = Automatic;
				CURRENT_PROJECT_VERSION = 1;
				ENABLE_PREVIEWS = YES;
				GENERATE_INFOPLIST_FILE = YES;
				INFOPLIST_KEY_UIApplicationSceneManifest_Generation = YES;
				INFOPLIST_KEY_UIApplicationSupportsIndirectInputEvents = YES;
				INFOPLIST_KEY_UILaunchScreen_Generation = YES;
				INFOPLIST_KEY_UISupportedInterfaceOrientations_iPad = "UIInterfaceOrientationPortrait UIInterfaceOrientationPortraitUpsideDown UIInterfaceOrientationLandscapeLeft UIInterfaceOrientationLandscapeRight";
				INFOPLIST_KEY_UISupportedInterfaceOrientations_iPhone = "UIInterfaceOrientationPortrait UIInterfaceOrientationLandscapeLeft UIInterfaceOrientationLandscapeRight";
				LD_RUNPATH_SEARCH_PATHS = (
					"$(inherited)",
					"@executable_path/Frameworks",
				);
				MARKETING_VERSION = 1.0;
				PRODUCT_BUNDLE_IDENTIFIER = go.sketevault;
				PRODUCT_NAME = "$(TARGET_NAME)";
				STRING_CATALOG_GENERATE_SYMBOLS = YES;
				SWIFT_APPROACHABLE_CONCURRENCY = YES;
				SWIFT_DEFAULT_ACTOR_ISOLATION = MainActor;
				SWIFT_EMIT_LOC_STRINGS = YES;
				SWIFT_OPTIMIZATION_LEVEL = "-Onone";
				SWIFT_UPCOMING_FEATURE_MEMBER_IMPORT_VISIBILITY = YES;
				SWIFT_VERSION = 5.0;
				TARGETED_DEVICE_FAMILY = "1,2";
			};
			name = Debug;
		};
		D2EE7C802EC6F0DA0076E7FB /* Release */ = {
			isa = XCBuildConfiguration;
			buildSettings = {
				ASSETCATALOG_COMPILER_APPICON_NAME = AppIcon;
				ASSETCATALOG_COMPILER_GLOBAL_ACCENT_COLOR_NAME = AccentColor;
				CLANG_ENABLE_MODULES = YES;
				CODE_SIGN_STYLE = Automatic;
				CURRENT_PROJECT_VERSION = 1;
				ENABLE_PREVIEWS = YES;
				GENERATE_INFOPLIST_FILE = YES;
				INFOPLIST_KEY_UIApplicationSceneManifest_Generation = YES;
				INFOPLIST_KEY_UIApplicationSupportsIndirectInputEvents = YES;
				INFOPLIST_KEY_UILaunchScreen_Generation = YES;
				INFOPLIST_KEY_UISupportedInterfaceOrientations_iPad = "UIInterfaceOrientationPortrait UIInterfaceOrientationPortraitUpsideDown UIInterfaceOrientationLandscapeLeft UIInterfaceOrientationLandscapeRight";
				INFOPLIST_KEY_UISupportedInterfaceOrientations_iPhone = "UIInterfaceOrientationPortrait UIInterfaceOrientationLandscapeLeft UIInterfaceOrientationLandscapeRight";
				LD_RUNPATH_SEARCH_PATHS = (
					"$(inherited)",
					"@executable_path/Frameworks",
				);
				MARKETING_VERSION = 1.0;
				PRODUCT_BUNDLE_IDENTIFIER = go.sketevault;
				PRODUCT_NAME = "$(TARGET_NAME)";
				STRING_CATALOG_GENERATE_SYMBOLS = YES;
				SWIFT_APPROACHABLE_CONCURRENCY = YES;
				SWIFT_DEFAULT_ACTOR_ISOLATION = MainActor;
				SWIFT_EMIT_LOC_STRINGS = YES;
				SWIFT_UPCOMING_FEATURE_MEMBER_IMPORT_VISIBILITY = YES;
				SWIFT_VERSION = 5.0;
				TARGETED_DEVICE_FAMILY = "1,2";
			};
			name = Release;
		};
/* End XCBuildConfiguration section */

/* Begin XCConfigurationList section */
		D2EE7C6E2EC6F0DA0076E7FB /* Build configuration list for PBXProject "sketevault" */ = {
			isa = XCConfigurationList;
			buildConfigurations = (
				D2EE7C7C2EC6F0DA0076E7FB /* Debug */,
				D2EE7C7D2EC6F0DA0076E7FB /* Release */,
			);
			defaultConfigurationIsVisible = 0;
			defaultConfigurationName = Release;
		};
		D2EE7C7E2EC6F0DA0076E7FB /* Build configuration list for PBXNativeTarget "sketevault" */ = {
			isa = XCConfigurationList;
			buildConfigurations = (
				D2EE7C7F2EC6F0DA0076E7FB /* Debug */,
				D2EE7C802EC6F0DA0076E7FB /* Release */,
			);
			defaultConfigurationIsVisible = 0;
			defaultConfigurationName = Release;
		};
/* End XCConfigurationList section */
	};
	rootObject = D2EE7C6B2EC6F0DA0076E7FB /* Project object */;
}
